
Microsoft Visual Studio Solution File, Format Version 12.00
# Visual Studio Version 16
VisualStudioVersion = 16.0.30804.86
MinimumVisualStudioVersion = 10.0.40219.1
Project("{FAE04EC0-301F-11D3-BF4B-00C04F79EFBC}") = "CartService", "CartService.csproj", "{326CD3CF-0A35-43C5-8C51-C028F5B5A0F3}"
EndProject
Global
	GlobalSection(SolutionConfigurationPlatforms) = preSolution
		Debug|Any CPU = Debug|Any CPU
		Release|Any CPU = Release|Any CPU
	EndGlobalSection
	GlobalSection(ProjectConfigurationPlatforms) = postSolution
		{326CD3CF-0A35-43C5-8C51-C028F5B5A0F3}.Debug|Any CPU.ActiveCfg = Debug|Any CPU
		{326CD3CF-0A35-43C5-8C51-C028F5B5A0F3}.Debug|Any CPU.Build.0 = Debug|Any CPU
		{326CD3CF-0A35-43C5-8C51-C028F5B5A0F3}.Release|Any CPU.ActiveCfg = Release|Any CPU
		{326CD3CF-0A35-43C5-8C51-C028F5B5A0F3}.Release|Any CPU.Build.0 = Release|Any CPU
	EndGlobalSection
	GlobalSection(SolutionProperties) = preSolution
		HideSolutionNode = FALSE
	EndGlobalSection
	GlobalSection(ExtensibilityGlobals) = postSolution
		SolutionGuid = {4F9F2E90-35B3-42B4-B983-393845ABC142}
	EndGlobalSection
EndGlobal
